
Microsoft Visual Studio Solution File, Format Version 12.00
# Visual Studio Version 17
VisualStudioVersion = 17.2.32526.322
MinimumVisualStudioVersion = 10.0.40219.1
Project("{9A19103F-16F7-4668-BE54-9A1E7A4F7556}") = "account-api", "..\ecommerce-solution-account-api\account-api.csproj", "{0BE267BC-F120-4F81-9DFA-419236CB0939}"
EndProject
Project("{9A19103F-16F7-4668-BE54-9A1E7A4F7556}") = "user-api", "..\ecommerce-solution-user-api\user-api.csproj", "{8B2F47AB-806F-496A-823F-90774F429FE7}"
EndProject
Project("{9A19103F-16F7-4668-BE54-9A1E7A4F7556}") = "authentication-api", "..\ecommerce-solution-authentication-api\authentication-api.csproj", "{E183B977-C029-4020-9DD7-E35028B48C5B}"
EndProject
Project("{9A19103F-16F7-4668-BE54-9A1E7A4F7556}") = "cart-api", "..\ecommerce-solution-cart-api\cart-api.csproj", "{04B8DD5F-5460-4E3C-BE49-4EB73E6C3F1C}"
EndProject
Global
	GlobalSection(SolutionConfigurationPlatforms) = preSolution
		Debug|Any CPU = Debug|Any CPU
		Release|Any CPU = Release|Any CPU
	EndGlobalSection
	GlobalSection(ProjectConfigurationPlatforms) = postSolution
		{0BE267BC-F120-4F81-9DFA-419236CB0939}.Debug|Any CPU.ActiveCfg = Debug|Any CPU
		{0BE267BC-F120-4F81-9DFA-419236CB0939}.Debug|Any CPU.Build.0 = Debug|Any CPU
		{0BE267BC-F120-4F81-9DFA-419236CB0939}.Release|Any CPU.ActiveCfg = Release|Any CPU
		{0BE267BC-F120-4F81-9DFA-419236CB0939}.Release|Any CPU.Build.0 = Release|Any CPU
		{8B2F47AB-806F-496A-823F-90774F429FE7}.Debug|Any CPU.ActiveCfg = Debug|Any CPU
		{8B2F47AB-806F-496A-823F-90774F429FE7}.Debug|Any CPU.Build.0 = Debug|Any CPU
		{8B2F47AB-806F-496A-823F-90774F429FE7}.Release|Any CPU.ActiveCfg = Release|Any CPU
		{8B2F47AB-806F-496A-823F-90774F429FE7}.Release|Any CPU.Build.0 = Release|Any CPU
		{E183B977-C029-4020-9DD7-E35028B48C5B}.Debug|Any CPU.ActiveCfg = Debug|Any CPU
		{E183B977-C029-4020-9DD7-E35028B48C5B}.Debug|Any CPU.Build.0 = Debug|Any CPU
		{E183B977-C029-4020-9DD7-E35028B48C5B}.Release|Any CPU.ActiveCfg = Release|Any CPU
		{E183B977-C029-4020-9DD7-E35028B48C5B}.Release|Any CPU.Build.0 = Release|Any CPU
		{04B8DD5F-5460-4E3C-BE49-4EB73E6C3F1C}.Debug|Any CPU.ActiveCfg = Debug|Any CPU
		{04B8DD5F-5460-4E3C-BE49-4EB73E6C3F1C}.Debug|Any CPU.Build.0 = Debug|Any CPU
		{04B8DD5F-5460-4E3C-BE49-4EB73E6C3F1C}.Release|Any CPU.ActiveCfg = Release|Any CPU
		{04B8DD5F-5460-4E3C-BE49-4EB73E6C3F1C}.Release|Any CPU.Build.0 = Release|Any CPU
	EndGlobalSection
	GlobalSection(SolutionProperties) = preSolution
		HideSolutionNode = FALSE
	EndGlobalSection
	GlobalSection(ExtensibilityGlobals) = postSolution
		SolutionGuid = {D1339AE7-DB16-4336-9294-0B19B8D80D1C}
	EndGlobalSection
EndGlobal
